
Microsoft Visual Studio Solution File, Format Version 12.00
# Visual Studio Version 17
VisualStudioVersion = 17.3.32929.385
MinimumVisualStudioVersion = 10.0.40219.1
Project("{9A19103F-16F7-4668-BE54-9A1E7A4F7556}") = "BlazorApp1.Server", "BlazorApp1\Server\BlazorApp1.Server.csproj", "{DDADD3E0-12DD-42CC-BA96-C83AAC36205D}"
EndProject
Project("{9A19103F-16F7-4668-BE54-9A1E7A4F7556}") = "BlazorApp1.Client", "BlazorApp1\Client\BlazorApp1.Client.csproj", "{FB7863E4-4270-44F0-92A2-EA8D1E6C7524}"
EndProject
Project("{9A19103F-16F7-4668-BE54-9A1E7A4F7556}") = "BlazorApp1.Shared", "BlazorApp1\Shared\BlazorApp1.Shared.csproj", "{06AF5CF0-E4B8-49D3-9B5A-E6142F30FEEC}"
EndProject
Global
	GlobalSection(SolutionConfigurationPlatforms) = preSolution
		Debug|Any CPU = Debug|Any CPU
		Release|Any CPU = Release|Any CPU
	EndGlobalSection
	GlobalSection(ProjectConfigurationPlatforms) = postSolution
		{DDADD3E0-12DD-42CC-BA96-C83AAC36205D}.Debug|Any CPU.ActiveCfg = Debug|Any CPU
		{DDADD3E0-12DD-42CC-BA96-C83AAC36205D}.Debug|Any CPU.Build.0 = Debug|Any CPU
		{DDADD3E0-12DD-42CC-BA96-C83AAC36205D}.Release|Any CPU.ActiveCfg = Release|Any CPU
		{DDADD3E0-12DD-42CC-BA96-C83AAC36205D}.Release|Any CPU.Build.0 = Release|Any CPU
		{FB7863E4-4270-44F0-92A2-EA8D1E6C7524}.Debug|Any CPU.ActiveCfg = Debug|Any CPU
		{FB7863E4-4270-44F0-92A2-EA8D1E6C7524}.Debug|Any CPU.Build.0 = Debug|Any CPU
		{FB7863E4-4270-44F0-92A2-EA8D1E6C7524}.Release|Any CPU.ActiveCfg = Release|Any CPU
		{FB7863E4-4270-44F0-92A2-EA8D1E6C7524}.Release|Any CPU.Build.0 = Release|Any CPU
		{06AF5CF0-E4B8-49D3-9B5A-E6142F30FEEC}.Debug|Any CPU.ActiveCfg = Debug|Any CPU
		{06AF5CF0-E4B8-49D3-9B5A-E6142F30FEEC}.Debug|Any CPU.Build.0 = Debug|Any CPU
		{06AF5CF0-E4B8-49D3-9B5A-E6142F30FEEC}.Release|Any CPU.ActiveCfg = Release|Any CPU
		{06AF5CF0-E4B8-49D3-9B5A-E6142F30FEEC}.Release|Any CPU.Build.0 = Release|Any CPU
	EndGlobalSection
	GlobalSection(SolutionProperties) = preSolution
		HideSolutionNode = FALSE
	EndGlobalSection
	GlobalSection(ExtensibilityGlobals) = postSolution
		SolutionGuid = {DDF69E7C-721D-401C-96CC-5B6D2377491C}
	EndGlobalSection
EndGlobal
